{
  "nodes": {
    "flake-utils": {
      "locked": {
        "lastModified": 1610051610,
        "narHash": "sha256-U9rPz/usA1/Aohhk7Cmc2gBrEEKRzcW4nwPWMPwja4Y=",
        "owner": "numtide",
        "repo": "flake-utils",
        "rev": "3982c9903e93927c2164caa727cd3f6a0e6d14cc",
        "type": "github"
      },
      "original": {
        "owner": "numtide",
        "repo": "flake-utils",
        "type": "github"
      }
    },
    "haskell-nix": {
      "locked": {
        "lastModified": 1611055638,
        "narHash": "sha256-KuF6S22XqXEooaTB/zofiMzXrvwq2VbgkrhOYyCIMJA=",
        "owner": "input-output-hk",
        "repo": "haskell.nix",
        "rev": "6e34587fc84413b0473e1673c782f1cf7daba665",
        "type": "github"
      },
      "original": {
        "owner": "input-output-hk",
        "repo": "haskell.nix",
        "type": "github"
      }
    },
    "root": {
      "inputs": {
        "flake-utils": "flake-utils",
        "haskell-nix": "haskell-nix"
      }
    }
  },
  "root": "root",
  "version": 7
}
